
Microsoft Visual Studio Solution File, Format Version 12.00
# Visual Studio 15
VisualStudioVersion = 15.0.26430.16
MinimumVisualStudioVersion = 10.0.40219.1
Project("{8BC9CEB8-8B4A-11D0-8D11-00A0C91BC942}") = "DailyTaskScheduler", "DailyTaskScheduler.vcxproj", "{4A922582-0726-4D5D-BAE9-EB8F69F9D1D1}"
EndProject
Project("{8BC9CEB8-8B4A-11D0-8D11-00A0C91BC942}") = "TaskSchedLib", "..\..\dll\TaskSchedLib\TaskSchedLib.vcxproj", "{FCF442F5-8863-4700-A5A8-276F56DA5752}"
EndProject
Project("{8BC9CEB8-8B4A-11D0-8D11-00A0C91BC942}") = "TaskSchedUnitTest", "..\..\unit_test\TaskSchedUnitTest\TaskSchedUnitTest.vcxproj", "{3DA9231B-A3AF-420B-BB40-37F0590C438D}"
EndProject
Project("{2150E333-8FDC-42A3-9474-1A3956D46DE8}") = "Solution Items", "Solution Items", "{44D56D80-D578-4B63-A1A6-D1AE530D7555}"
	ProjectSection(SolutionItems) = preProject
		..\..\..\README.md = ..\..\..\README.md
	EndProjectSection
EndProject
Global
	GlobalSection(SolutionConfigurationPlatforms) = preSolution
		Debug|x64 = Debug|x64
		Debug|x86 = Debug|x86
		Release|x64 = Release|x64
		Release|x86 = Release|x86
	EndGlobalSection
	GlobalSection(ProjectConfigurationPlatforms) = postSolution
		{4A922582-0726-4D5D-BAE9-EB8F69F9D1D1}.Debug|x64.ActiveCfg = Debug|x64
		{4A922582-0726-4D5D-BAE9-EB8F69F9D1D1}.Debug|x64.Build.0 = Debug|x64
		{4A922582-0726-4D5D-BAE9-EB8F69F9D1D1}.Debug|x86.ActiveCfg = Debug|Win32
		{4A922582-0726-4D5D-BAE9-EB8F69F9D1D1}.Debug|x86.Build.0 = Debug|Win32
		{4A922582-0726-4D5D-BAE9-EB8F69F9D1D1}.Release|x64.ActiveCfg = Release|x64
		{4A922582-0726-4D5D-BAE9-EB8F69F9D1D1}.Release|x64.Build.0 = Release|x64
		{4A922582-0726-4D5D-BAE9-EB8F69F9D1D1}.Release|x86.ActiveCfg = Release|Win32
		{4A922582-0726-4D5D-BAE9-EB8F69F9D1D1}.Release|x86.Build.0 = Release|Win32
		{FCF442F5-8863-4700-A5A8-276F56DA5752}.Debug|x64.ActiveCfg = Debug|x64
		{FCF442F5-8863-4700-A5A8-276F56DA5752}.Debug|x64.Build.0 = Debug|x64
		{FCF442F5-8863-4700-A5A8-276F56DA5752}.Debug|x86.ActiveCfg = Debug|Win32
		{FCF442F5-8863-4700-A5A8-276F56DA5752}.Debug|x86.Build.0 = Debug|Win32
		{FCF442F5-8863-4700-A5A8-276F56DA5752}.Release|x64.ActiveCfg = Release|x64
		{FCF442F5-8863-4700-A5A8-276F56DA5752}.Release|x64.Build.0 = Release|x64
		{FCF442F5-8863-4700-A5A8-276F56DA5752}.Release|x86.ActiveCfg = Release|Win32
		{FCF442F5-8863-4700-A5A8-276F56DA5752}.Release|x86.Build.0 = Release|Win32
		{3DA9231B-A3AF-420B-BB40-37F0590C438D}.Debug|x64.ActiveCfg = Debug|x64
		{3DA9231B-A3AF-420B-BB40-37F0590C438D}.Debug|x64.Build.0 = Debug|x64
		{3DA9231B-A3AF-420B-BB40-37F0590C438D}.Debug|x86.ActiveCfg = Debug|Win32
		{3DA9231B-A3AF-420B-BB40-37F0590C438D}.Debug|x86.Build.0 = Debug|Win32
		{3DA9231B-A3AF-420B-BB40-37F0590C438D}.Release|x64.ActiveCfg = Release|x64
		{3DA9231B-A3AF-420B-BB40-37F0590C438D}.Release|x64.Build.0 = Release|x64
		{3DA9231B-A3AF-420B-BB40-37F0590C438D}.Release|x86.ActiveCfg = Release|Win32
		{3DA9231B-A3AF-420B-BB40-37F0590C438D}.Release|x86.Build.0 = Release|Win32
	EndGlobalSection
	GlobalSection(SolutionProperties) = preSolution
		HideSolutionNode = FALSE
	EndGlobalSection
EndGlobal
